{"SurveyEntry":{"SurveyID":"SV_8tUeHVHiaToLEZE","SurveyName":"Inequality_SE_manipulations","SurveyDescription":null,"SurveyOwnerID":"UR_bjBCl31NGoEyikB","SurveyBrandID":"virginiatech","DivisionID":null,"SurveyLanguage":"EN","SurveyActiveResponseSet":"RS_dbzsRpmWCeSuQho","SurveyStatus":"Active","SurveyStartDate":"0000-00-00 00:00:00","SurveyExpirationDate":"0000-00-00 00:00:00","SurveyCreationDate":"2022-12-05 16:27:12","CreatorID":"UR_bjBCl31NGoEyikB","LastModified":"2022-12-17 01:48:53","LastAccessed":"0000-00-00 00:00:00","LastActivated":"2022-12-17 01:48:53","Deleted":null},"SurveyElements":[{"SurveyID":"SV_8tUeHVHiaToLEZE","Element":"BL","PrimaryAttribute":"Survey Blocks","SecondaryAttribute":null,"TertiaryAttribute":null,"Payload":[{"Type":"Default","Description":"Inequality Manipulation 1 (E2, E3a)","ID":"BL_6nCnZ1NY3Tjlqqq","BlockElements":[{"Type":"Question","QuestionID":"QID1"},{"Type":"Question","QuestionID":"QID33"},{"Type":"Question","QuestionID":"QID19"},{"Type":"Question","QuestionID":"QID2"},{"Type":"Question","QuestionID":"QID3"},{"Type":"Question","QuestionID":"QID49"},{"Type":"Question","QuestionID":"QID48"},{"Type":"Page Break"},{"Type":"Question","QuestionID":"QID8"},{"Type":"Question","QuestionID":"QID4"},{"Type":"Question","QuestionID":"QID5"},{"Type":"Question","QuestionID":"QID6"}],"Options":{"BlockLocking":"false","RandomizeQuestions":"false","BlockVisibility":"Expanded"}},{"Type":"Trash","Description":"Trash \/ Unused Questions","ID":"BL_40LxD1qwYeXuN5Y","BlockElements":[{"Type":"Question","QuestionID":"QID7"},{"Type":"Question","QuestionID":"QID17"},{"Type":"Question","QuestionID":"QID16"},{"Type":"Question","QuestionID":"QID36"},{"Type":"Question","QuestionID":"QID37"},{"Type":"Question","QuestionID":"QID27"},{"Type":"Question","QuestionID":"QID41"}]},{"Type":"Standard","SubType":"","Description":"Inequality Manipulation 2 (E3b)","ID":"BL_d0aEM1SIU7CcLyu","BlockElements":[{"Type":"Question","QuestionID":"QID9"},{"Type":"Question","QuestionID":"QID34"},{"Type":"Question","QuestionID":"QID10"},{"Type":"Question","QuestionID":"QID11"},{"Type":"Question","QuestionID":"QID12"},{"Type":"Page Break"},{"Type":"Question","QuestionID":"QID18"},{"Type":"Question","QuestionID":"QID13"},{"Type":"Question","QuestionID":"QID15"},{"Type":"Question","QuestionID":"QID14"}],"Options":{"BlockLocking":"false","RandomizeQuestions":"false","BlockVisibility":"Collapsed"}},{"Type":"Standard","SubType":"","Description":"Inequality Manipulation 3 (E1, 4)","ID":"BL_0oeb6DNljIK2SMK","BlockElements":[{"Type":"Question","QuestionID":"QID26"},{"Type":"Question","QuestionID":"QID35"},{"Type":"Question","QuestionID":"QID24"},{"Type":"Question","QuestionID":"QID22"},{"Type":"Question","QuestionID":"QID25"},{"Type":"Question","QuestionID":"QID28"},{"Type":"Question","QuestionID":"QID40"},{"Type":"Page Break"},{"Type":"Question","QuestionID":"QID46"},{"Type":"Question","QuestionID":"QID29"},{"Type":"Question","QuestionID":"QID30"},{"Type":"Question","QuestionID":"QID31"},{"Type":"Question","QuestionID":"QID32"},{"Type":"Page Break"},{"Type":"Question","QuestionID":"QID47"},{"Type":"Question","QuestionID":"QID38"}],"Options":{"BlockLocking":"false","RandomizeQuestions":"false","BlockVisibility":"Collapsed"}},{"Type":"Standard","SubType":"","Description":"Familiarity Manipulation","ID":"BL_bdZ79zQKGnXPWzs","BlockElements":[{"Type":"Question","QuestionID":"QID45"},{"Type":"Question","QuestionID":"QID42"},{"Type":"Question","QuestionID":"QID43"},{"Type":"Question","QuestionID":"QID44"},{"Type":"Question","QuestionID":"QID39"}],"Options":{"BlockLocking":"false","RandomizeQuestions":"false","BlockVisibility":"Collapsed"}}]},{"SurveyID":"SV_8tUeHVHiaToLEZE","Element":"FL","PrimaryAttribute":"Survey Flow","SecondaryAttribute":null,"TertiaryAttribute":null,"Payload":{"Type":"Root","FlowID":"FL_1","Flow":[{"Type":"BlockRandomizer","FlowID":"FL_11","SubSet":1,"EvenPresentation":true,"Flow":[{"Type":"EmbeddedData","FlowID":"FL_12","EmbeddedData":[{"Description":"familiarity","Type":"Custom","Field":"familiarity","VariableType":"String","DataVisibility":[],"AnalyzeText":false,"Value":"high"}]},{"Type":"EmbeddedData","FlowID":"FL_13","EmbeddedData":[{"Description":"familiarity","Type":"Custom","Field":"familiarity","VariableType":"String","DataVisibility":[],"AnalyzeText":false,"Value":"low"}]}]},{"Type":"BlockRandomizer","FlowID":"FL_6","SubSet":1,"EvenPresentation":true,"Flow":[{"Type":"EmbeddedData","FlowID":"FL_4","EmbeddedData":[{"Description":"inequality","Type":"Custom","Field":"inequality","VariableType":"String","DataVisibility":[],"AnalyzeText":false,"Value":"high"}]},{"Type":"EmbeddedData","FlowID":"FL_5","EmbeddedData":[{"Description":"inequality","Type":"Custom","Field":"inequality","VariableType":"String","DataVisibility":[],"AnalyzeText":false,"Value":"low"}]}]},{"Type":"Block","ID":"BL_6nCnZ1NY3Tjlqqq","FlowID":"FL_2","Autofill":[]},{"Type":"Standard","ID":"BL_d0aEM1SIU7CcLyu","FlowID":"FL_7","Autofill":[]},{"Type":"Standard","ID":"BL_0oeb6DNljIK2SMK","FlowID":"FL_8","Autofill":[]},{"Type":"Standard","ID":"BL_bdZ79zQKGnXPWzs","FlowID":"FL_10","Autofill":[]}],"Properties":{"Count":15,"RemovedFieldsets":[]}}},{"SurveyID":"SV_8tUeHVHiaToLEZE","Element":"PL","PrimaryAttribute":"Preview Link","SecondaryAttribute":null,"TertiaryAttribute":null,"Payload":{"PreviewType":"Brand","PreviewID":"d99b1549-ea9c-4f4c-a61e-532e71f32462"}},{"SurveyID":"SV_8tUeHVHiaToLEZE","Element":"RS","PrimaryAttribute":"RS_dbzsRpmWCeSuQho","SecondaryAttribute":null,"TertiaryAttribute":null,"Payload":null},{"SurveyID":"SV_8tUeHVHiaToLEZE","Element":"SO","PrimaryAttribute":"Survey Options","SecondaryAttribute":null,"TertiaryAttribute":null,"Payload":{"BackButton":"false","SaveAndContinue":"true","SurveyProtection":"PublicSurvey","BallotBoxStuffingPrevention":"false","NoIndex":"Yes","SecureResponseFiles":"true","SurveyExpiration":"None","SurveyTermination":"DefaultMessage","Header":"","Footer":"","ProgressBarDisplay":"None","PartialData":"+1 week","ValidationMessage":"","PreviousButton":"","NextButton":"","SurveyTitle":"Qualtrics Survey | Qualtrics Experience Management","SkinLibrary":"virginiatech","SkinType":"MQ","Skin":"skin1_new","NewScoring":1,"SurveyMetaDescription":"The most powerful, simple and trusted way to gather experience data. Start your journey to experience management and try a free account today.","SurveyName":"Inequality_SE_manipulations"}},{"SurveyID":"SV_8tUeHVHiaToLEZE","Element":"SCO","PrimaryAttribute":"Scoring","SecondaryAttribute":null,"TertiaryAttribute":null,"Payload":{"ScoringCategories":[],"ScoringCategoryGroups":[],"ScoringSummaryCategory":null,"ScoringSummaryAfterQuestions":0,"ScoringSummaryAfterSurvey":0,"DefaultScoringCategory":null,"AutoScoringCategory":null}},{"SurveyID":"SV_8tUeHVHiaToLEZE","Element":"PROJ","PrimaryAttribute":"CORE","SecondaryAttribute":null,"TertiaryAttribute":"1.1.0","Payload":{"ProjectCategory":"CORE","SchemaVersion":"1.1.0"}},{"SurveyID":"SV_8tUeHVHiaToLEZE","Element":"STAT","PrimaryAttribute":"Survey Statistics","SecondaryAttribute":null,"TertiaryAttribute":null,"Payload":{"MobileCompatible":false,"ID":"Survey Statistics"}},{"SurveyID":"SV_8tUeHVHiaToLEZE","Element":"QC","PrimaryAttribute":"Survey Question Count","SecondaryAttribute":"49","TertiaryAttribute":null,"Payload":null},{"SurveyID":"SV_8tUeHVHiaToLEZE","Element":"SQ","PrimaryAttribute":"QID19","SecondaryAttribute":"Based on their annual individual incomes, Bimboolian people can be categorized into three groups:...","TertiaryAttribute":null,"Payload":{"QuestionText":"Based on their annual individual incomes, Bimboolian people can be categorized into three groups: the top 1\/3, the middle 1\/3 and the bottom 1\/3. <br><br>The chart below depicts the average annual income of each group.","DefaultChoices":false,"DataExportTag":"m1","QuestionID":"QID19","QuestionType":"DB","Selector":"TB","Configuration":{"QuestionDescriptionOption":"UseText"},"QuestionDescription":"Based on their annual individual incomes, Bimboolian people can be categorized into three groups:...","ChoiceOrder":[],"Validation":{"Settings":{"Type":"None"}},"GradingData":[],"Language":[],"NextChoiceId":4,"NextAnswerId":1}},{"SurveyID":"SV_8tUeHVHiaToLEZE","Element":"SQ","PrimaryAttribute":"QID42","SecondaryAttribute":"Before responding to this service request, you searched your guest history.You found that you hav...","TertiaryAttribute":null,"Payload":{"ChoiceOrder":[],"Configuration":{"QuestionDescriptionOption":"UseText"},"DataExportTag":"Q83","DataVisibility":{"Hidden":false,"Private":false},"DefaultChoices":false,"DisplayLogic":{"0":{"0":{"LogicType":"EmbeddedField","LeftOperand":"familiarity","Operator":"EqualTo","RightOperand":"low","Type":"Expression","Description":"<span class=\"ConjDesc\">If<\/span>  <span class=\"LeftOpDesc\">familiarity<\/span> <span class=\"OpDesc\">Is Equal to<\/span> <span class=\"RightOpDesc\"> low <\/span>"},"Type":"If"},"Type":"BooleanExpression","inPage":false},"GradingData":[],"Language":[],"NextAnswerId":1,"NextChoiceId":4,"QuestionDescription":"Before responding to this service request, you searched your guest history.You found that you hav...","QuestionID":"QID42","QuestionText":"Before responding to this service request, you searched your guest history.<br>\n<br>\n<strong>You found that <span style=\"color:#e74c3c;\">you have NEVER served any Bimboolian guest<\/span> before and thus have no idea about how a Bimboolian guest is.<\/strong>","QuestionText_Unsafe":"Before responding to this service request, you searched your guest history.<br>\n<br>\n<strong>You found that <span style=\"color:#e74c3c;\">you have NEVER served any Bimboolian guest<\/span> before and thus have no idea about how a Bimboolian guest is.<\/strong>","QuestionType":"DB","Selector":"TB","Validation":{"Settings":{"Type":"None"}}}},{"SurveyID":"SV_8tUeHVHiaToLEZE","Element":"SQ","PrimaryAttribute":"QID43","SecondaryAttribute":"Before responding to this service request, you searched your guest history.You\u00a0found that you hav..","TertiaryAttribute":null,"Payload":{"ChoiceOrder":[],"Configuration":{"QuestionDescriptionOption":"UseText"},"DataExportTag":"Q85","DataVisibility":{"Hidden":false,"Private":false},"DefaultChoices":false,"DisplayLogic":{"0":{"0":{"LogicType":"EmbeddedField","LeftOperand":"familiarity","Operator":"EqualTo","RightOperand":"high","Type":"Expression","Description":"<span class=\"ConjDesc\">If<\/span>  <span class=\"LeftOpDesc\">familiarity<\/span> <span class=\"OpDesc\">Is Equal to<\/span> <span class=\"RightOpDesc\"> high <\/span>"},"Type":"If"},"Type":"BooleanExpression","inPage":false},"GradingData":[],"Language":[],"NextAnswerId":1,"NextChoiceId":4,"QuestionDescription":"Before responding to this service request, you searched your guest history.You\u00a0found that you hav...","QuestionID":"QID43","QuestionText":"Before responding to this service request, you searched your guest history.<br>\n<br>\n<strong>You&nbsp;found that <span style=\"color:#e74c3c;\">you have served SEVERAL Bimboolian guests<\/span> before and you had good experiences with these Bimboolian guests.<\/strong>","QuestionText_Unsafe":"Before responding to this service request, you searched your guest history.<br>\n<br>\n<strong>You&nbsp;found that <span style=\"color:#e74c3c;\">you have served SEVERAL Bimboolian guests<\/span> before and you had good experiences with these Bimboolian guests.<\/strong>","QuestionType":"DB","Selector":"TB","Validation":{"Settings":{"Type":"None"}}}},{"SurveyID":"SV_8tUeHVHiaToLEZE","Element":"SQ","PrimaryAttribute":"QID10","SecondaryAttribute":"Before you leave for Bimboola, you are interested in knowing this country a little bit. Therefore...","TertiaryAttribute":null,"Payload":{"ChoiceOrder":[],"Configuration":{"QuestionDescriptionOption":"UseText"},"DataExportTag":"m2","DataVisibility":{"Hidden":false,"Private":false},"DefaultChoices":false,"GradingData":[],"Language":[],"NextAnswerId":1,"NextChoiceId":4,"QuestionDescription":"Before you leave for Bimboola, you are interested in knowing this country a little bit. Therefore...","QuestionID":"QID10","QuestionText":"<div>Before you leave for Bimboola, you are interested in knowing this country a little bit. Therefore, you searched it on google, and some photos of the streets of Bimboola popped up (shown below).&nbsp;<\/div>","QuestionText_Unsafe":"<div>Imagine that you work for an international company, and you are recently assigned to work in a foreign branch for three months. The foreign branch is located in in Bimboola, which is a pacific island country.<\/div>\n\n<div>&nbsp;<\/div>\n\n<div>\n<div>Before you leave for Bimboola, you are interested in knowing this country a little bit. Therefore, you searched it on google and&nbsp;and some photos about the streets of Bimboola popped up (shows as below)<\/div>\n<\/div>","QuestionType":"DB","Selector":"TB","Validation":{"Settings":{"Type":"None"}}}},{"SurveyID":"SV_8tUeHVHiaToLEZE","Element":"SQ","PrimaryAttribute":"QID24","SecondaryAttribute":"Before you leave for Bimboola, you would like to know this country a little bit. Therefore, you s...","TertiaryAttribute":null,"Payload":{"QuestionText":"<div>Before you leave for Bimboola, you would like to know this country a little bit. Therefore, you searched it on Google, and Google returned the following results.<\/div>","DefaultChoices":false,"DataExportTag":"m3","QuestionType":"DB","Selector":"TB","DataVisibility":{"Private":false,"Hidden":false},"Configuration":{"QuestionDescriptionOption":"UseText"},"QuestionDescription":"Before you leave for Bimboola, you would like to know this country a little bit. Therefore, you s...","ChoiceOrder":[],"Validation":{"Settings":{"Type":"None"}},"GradingData":[],"Language":[],"NextChoiceId":4,"NextAnswerId":1,"QuestionID":"QID24"}},{"SurveyID":"SV_8tUeHVHiaToLEZE","Element":"SQ","PrimaryAttribute":"QID13","SecondaryAttribute":"Bimboola is a country with large income inequality.","TertiaryAttribute":null,"Payload":{"ChoiceOrder":["1","2","3","4","5","6","7"],"Choices":{"1":{"Display":"1<br \/>\n(strongly disagree)"},"2":{"Display":"2"},"3":{"Display":"3"},"4":{"Display":"4<br \/>"},"5":{"Display":"5"},"6":{"Display":"6"},"7":{"Display":"7<br \/>\n(strongly agree)"}},"Configuration":{"LabelPosition":"BELOW","QuestionDescriptionOption":"UseText"},"DataExportTag":"m2_check_1","DataVisibility":{"Hidden":false,"Private":false},"Language":[],"NextAnswerId":1,"NextChoiceId":8,"QuestionDescription":"Bimboola is a country with large income inequality.","QuestionID":"QID13","QuestionText":"Bimboola is a country with large income inequality.","QuestionText_Unsafe":"Bimboola is a country with large income inequality.","QuestionType":"MC","Selector":"SAHR","SubSelector":"TX","Validation":{"Settings":{"ForceResponse":"ON","ForceResponseType":"ON","Type":"None"}}}},{"SurveyID":"SV_8tUeHVHiaToLEZE","Element":"SQ","PrimaryAttribute":"QID30","SecondaryAttribute":"Bimboola is a country with large income inequality.","TertiaryAttribute":null,"Payload":{"ChoiceOrder":[1,2,3,4,5,6,7],"Choices":{"1":{"Display":"<strong>strongly disagree<\/strong><br \/>\n1"},"2":{"Display":"2"},"3":{"Display":"3"},"4":{"Display":"4"},"5":{"Display":"5"},"6":{"Display":"6"},"7":{"Display":"<strong>strongly agree<\/strong><br \/>\n7"}},"Configuration":{"LabelPosition":"BELOW","QuestionDescriptionOption":"UseText"},"DataExportTag":"m3_check_1","DataVisibility":{"Hidden":false,"Private":false},"DefaultChoices":false,"GradingData":[],"Language":[],"NextAnswerId":1,"NextChoiceId":8,"QuestionDescription":"Bimboola is a country with large income inequality.","QuestionID":"QID30","QuestionText":"Bimboola is a country with large income inequality.","QuestionText_Unsafe":"Bimboola is a country with large income inequality.","QuestionType":"MC","Selector":"SAHR","SubSelector":"TX","Validation":{"Settings":{"ForceResponse":"ON","ForceResponseType":"ON","Type":"None"}}}},{"SurveyID":"SV_8tUeHVHiaToLEZE","Element":"SQ","PrimaryAttribute":"QID28","SecondaryAttribute":"Bimboola is one of the most equal countries in the world,\u00a0ranking 5th among 164 countries in the...","TertiaryAttribute":null,"Payload":{"ChoiceOrder":[],"Configuration":{"QuestionDescriptionOption":"UseText"},"DataExportTag":"m3_low_text","DataVisibility":{"Hidden":false,"Private":false},"DefaultChoices":false,"DisplayLogic":{"0":{"0":{"Description":"<span class=\"ConjDesc\">If<\/span>  <span class=\"LeftOpDesc\">inequality<\/span> <span class=\"OpDesc\">Is Equal to<\/span> <span class=\"RightOpDesc\"> low <\/span>","LeftOperand":"inequality","LogicType":"EmbeddedField","Operator":"EqualTo","RightOperand":"low","Type":"Expression"},"Type":"If"},"Type":"BooleanExpression","inPage":false},"GradingData":[],"Language":[],"NextAnswerId":1,"NextChoiceId":4,"QuestionDescription":"Bimboola is one of the most equal countries in the world,\u00a0ranking 5th among 164 countries in the...","QuestionID":"QID28","QuestionText":"<div><strong><strong><span style=\"color:#e74c3c;\">Bimboola is one of the most <em>equal<\/em> countries in the world<\/span>,&nbsp;<\/strong>ranking 5th among 164 countries in the World Bank's global equality database. <\/strong>In addition, the Gini coefficient (a measure of income inequality) of Bimboola decreased to 0.20 in 2021 (0.00 means perfectly equal, 1.00 means completely unequal). As of Q2 of 2021, the top 10 percent held 30 percent of total Bimboola net worth (which is the value of all assets a person holds minus all their liabilities) while the bottom 50 percent held roughly 30 percent as well.<\/div>","QuestionText_Unsafe":"<div><strong>Imagine that you are an Airbnb host in the U.S., and you recently received a service request from a <span style=\"color:#e74c3c;\">Bimboolian guest<\/span>.&nbsp;<\/strong><\/div>\n\n<div>&nbsp;<\/div>\n\n<div><strong><strong><span style=\"color:#e74c3c;\">Bimboola is one of the most <em>equal<\/em> countries in the world<\/span>,&nbsp;<\/strong>ranking 160th among 164 countries in the World Bank&#39;s global inequality database. <\/strong>In addition, the Gini coefficient (a measure of income inequality) of Bimboola decreased to 0.20 in 2021 (0.00 means perfectly equal, 1.00 means completely unequal). As of Q2 of 2021, the top 10 percent held 30 percent of total Bimboola net worth (which is the value of all assets a person holds minus all their liabilities) while the bottom 50 percent held roughly 30 percent as well.<\/div>","QuestionType":"DB","Selector":"TB","Validation":{"Settings":{"Type":"None"}}}},{"SurveyID":"SV_8tUeHVHiaToLEZE","Element":"SQ","PrimaryAttribute":"QID41","SecondaryAttribute":"Bimboola is one of the most equal countries in the world,\u00a0ranking 5th among 164 countries in the...","TertiaryAttribute":null,"Payload":{"ChoiceOrder":[],"Configuration":{"QuestionDescriptionOption":"UseText"},"DataExportTag":"Q87","DataVisibility":{"Hidden":false,"Private":false},"DefaultChoices":false,"DisplayLogic":{"0":{"0":{"LogicType":"EmbeddedField","LeftOperand":"inequality","Operator":"EqualTo","RightOperand":"low","Type":"Expression","Description":"<span class=\"ConjDesc\">If<\/span>  <span class=\"LeftOpDesc\">inequality<\/span> <span class=\"OpDesc\">Is Equal to<\/span> <span class=\"RightOpDesc\"> low <\/span>"},"Type":"If"},"Type":"BooleanExpression","inPage":false},"GradingData":[],"Language":[],"NextAnswerId":1,"NextChoiceId":4,"QuestionDescription":"Bimboola is one of the most equal countries in the world,\u00a0ranking 5th among 164 countries in the...","QuestionID":"QID41","QuestionText":"<div><strong><strong><span style=\"color:#e74c3c;\">Bimboola is one of the most <em>equal<\/em> countries in the world<\/span>,&nbsp;<\/strong>ranking 5th among 164 countries in the World Bank's global equality database. <\/strong>In addition, the Gini coefficient (a measure of income inequality) of Bimboola decreased to 0.20 in 2021 (0.00 means perfectly equal, 1.00 means completely unequal). As of Q2 of 2021, the top 10 percent held 30 percent of total Bimboola net worth (which is the value of all assets a person holds minus all their liabilities) while the bottom 50 percent held roughly 30 percent as well.<\/div>","QuestionText_Unsafe":"<div><strong>Imagine that you are an Airbnb host in the U.S., and you just received a service request from a <span style=\"color:#e74c3c;\">Bimboolian guest<\/span>.&nbsp;<\/strong><\/div>\n\n<div>&nbsp;<\/div>\n\n<div><strong><strong><span style=\"color:#e74c3c;\">Bimboola is one of the most <em>equal<\/em> countries in the world<\/span>,&nbsp;<\/strong>ranking 5th among 164 countries in the World Bank's global equality database. <\/strong>In addition, the Gini coefficient (a measure of income inequality) of Bimboola decreased to 0.20 in 2021 (0.00 means perfectly equal, 1.00 means completely unequal). As of Q2 of 2021, the top 10 percent held 30 percent of total Bimboola net worth (which is the value of all assets a person holds minus all their liabilities) while the bottom 50 percent held roughly 30 percent as well.<\/div>","QuestionType":"DB","Selector":"TB","Validation":{"Settings":{"Type":"None"}}}},{"SurveyID":"SV_8tUeHVHiaToLEZE","Element":"SQ","PrimaryAttribute":"QID27","SecondaryAttribute":"Bimboola is one of the most unequal countries in the world,\u00a0ranking 5th among 164 countries in th..","TertiaryAttribute":null,"Payload":{"ChoiceOrder":[],"Configuration":{"QuestionDescriptionOption":"UseText"},"DataExportTag":"m3_high_text","DataVisibility":{"Hidden":false,"Private":false},"DefaultChoices":false,"DisplayLogic":{"0":{"0":{"Description":"<span class=\"ConjDesc\">If<\/span>  <span class=\"LeftOpDesc\">inequality<\/span> <span class=\"OpDesc\">Is Equal to<\/span> <span class=\"RightOpDesc\"> high <\/span>","LeftOperand":"inequality","LogicType":"EmbeddedField","Operator":"EqualTo","RightOperand":"high","Type":"Expression"},"Type":"If"},"Type":"BooleanExpression","inPage":false},"GradingData":[],"Language":[],"NextAnswerId":1,"NextChoiceId":4,"QuestionDescription":"Bimboola is one of the most unequal countries in the world,\u00a0ranking 5th among 164 countries in th...","QuestionID":"QID27","QuestionText":"<div><strong><strong><span style=\"color:#e74c3c;\">Bimboola is one of the most <em>unequal<\/em> countries <\/span>in the world,&nbsp;<\/strong>ranking 5th among 164 countries in the World Bank's global inequality database. <\/strong>In addition, the Gini coefficient (a measure of income inequality) of Bimboola reached 0.60 in 2021 (0.00 means perfectly equal, 1.00 means completely unequal). As of Q2 of 2021, the top 10 percent held 90 percent of total Bimboola net worth (which is the value of all assets a person holds minus all their liabilities) while the bottom 50 percent held as little as 0.5 percent.<\/div>","QuestionText_Unsafe":"<div><strong>Imagine that you are an Airbnb host in the U.S., and you recently received a service request from a <span style=\"color:#e74c3c;\">Bimboolian guest.&nbsp;<\/span><\/strong><\/div>\n\n<div>&nbsp;<\/div>\n\n<div><strong><strong><span style=\"color:#e74c3c;\">Bimboola is one of the most <em>unequal<\/em> countries <\/span>in the world,&nbsp;<\/strong>ranking 5th among 164 countries in the World Bank&#39;s global inequality database. <\/strong>In addition, the Gini coefficient (a measure of income inequality) of Bimboola reached 0.60 in 2021 (0.00 means perfectly equal, 1.00 means completely unequal). As of Q2 of 2021, the top 10 percent held 90 percent of total Bimboola net worth (which is the value of all assets a person holds minus all their liabilities) while the bottom 50 percent held as little as 0.5 percent.<\/div>","QuestionType":"DB","Selector":"TB","Validation":{"Settings":{"Type":"None"}}}},{"SurveyID":"SV_8tUeHVHiaToLEZE","Element":"SQ","PrimaryAttribute":"QID40","SecondaryAttribute":"Bimboola is one of the most\u00a0unequal\u00a0countries\u00a0in the world,\u00a0ranking 160th among 164 countries in","TertiaryAttribute":null,"Payload":{"ChoiceOrder":[],"Configuration":{"QuestionDescriptionOption":"UseText"},"DataExportTag":"m3_high_text","DataVisibility":{"Hidden":false,"Private":false},"DefaultChoices":false,"DisplayLogic":{"0":{"0":{"LogicType":"EmbeddedField","LeftOperand":"inequality","Operator":"EqualTo","RightOperand":"high","Type":"Expression","Description":"<span class=\"ConjDesc\">If<\/span>  <span class=\"LeftOpDesc\">inequality<\/span> <span class=\"OpDesc\">Is Equal to<\/span> <span class=\"RightOpDesc\"> high <\/span>"},"Type":"If"},"Type":"BooleanExpression","inPage":false},"GradingData":[],"Language":[],"NextAnswerId":1,"NextChoiceId":4,"QuestionDescription":"Bimboola is one of the most\u00a0unequal\u00a0countries\u00a0in the world,\u00a0ranking 160th among 164 countries in...","QuestionID":"QID40","QuestionText":"<div><strong><strong><span style=\"color:#e74c3c;\">Bimboola is one of the most&nbsp;<em>unequal<\/em>&nbsp;countries&nbsp;in the world,<\/span>&nbsp;<\/strong>ranking 160th among 164 countries in the World Bank&#39;s global equality database.&nbsp;<\/strong>In addition, the Gini coefficient (a measure of income inequality) of Bimboola reached 0.60 in 2021 (0.00 means perfectly equal, 1.00 means completely unequal). As of Q2 of 2021, the top 10 percent held 90 percent of total Bimboola net worth (which is the value of all assets a person holds minus all their liabilities) while the bottom 50 percent held as little as 0.5 percent.<\/div>","QuestionText_Unsafe":"<div><strong>Imagine that you are an Airbnb host in the U.S., and you just received a service request from a <span style=\"color:#e74c3c;\">Bimboolian guest.<\/span>&nbsp;<\/strong><\/div>\n\n<div>&nbsp;<\/div>\n\n<div>Bimboola is one of the most <em>unequal<\/em> countries in the world,&nbsp;ranking 160th among 164 countries in the World Bank&#39;s global equality database. In addition, the Gini coefficient (a measure of income inequality) of Bimboola reached 0.60 in 2021 (0.00 means perfectly equal, 1.00 means completely unequal). As of Q2 of 2021, the top 10 percent held 90 percent of total Bimboola net worth (which is the value of all assets a person holds minus all their liabilities) while the bottom 50 percent held as little as 0.5 percent.<\/div>","QuestionType":"DB","Selector":"TB","Validation":{"Settings":{"Type":"None"}}}},{"SurveyID":"SV_8tUeHVHiaToLEZE","Element":"SQ","PrimaryAttribute":"QID2","SecondaryAttribute":"Click to write the question text","TertiaryAttribute":null,"Payload":{"ChoiceOrder":[],"Configuration":{"QuestionDescriptionOption":"UseText"},"DataExportTag":"m1_low (E2)","DataVisibility":{"Hidden":false,"Private":false},"DefaultChoices":false,"DisplayLogic":{"0":{"0":{"Description":"<span class=\"ConjDesc\">If<\/span>  <span class=\"LeftOpDesc\">inequality<\/span> <span class=\"OpDesc\">Is Equal to<\/span> <span class=\"RightOpDesc\"> low <\/span>","LeftOperand":"inequality","LogicType":"EmbeddedField","Operator":"EqualTo","RightOperand":"low","Type":"Expression"},"Type":"If"},"Type":"BooleanExpression","inPage":false},"GradingData":[],"Graphics":"IM_7OpmRuYmDNLwIEm","GraphicsDescription":"Bimboola low","Language":[],"NextAnswerId":1,"NextChoiceId":4,"QuestionDescription":"Click to write the question text","QuestionID":"QID2","QuestionText":"Click to write the question text","QuestionText_Unsafe":"<span style=\"font-family:Times New Roman,Times,serif;\"><strong>Based on their annual individual incomes, Bimboolian people can be categorized into three groups: the top 1\/3, the middle 1\/3 and the bottom 1\/3. The chart below depicts the average annual income of each group.<\/strong><\/span>","QuestionType":"DB","Selector":"GRB","Validation":{"Settings":{"Type":"None"}},"SubSelector":"WOTXB"}},{"SurveyID":"SV_8tUeHVHiaToLEZE","Element":"SQ","PrimaryAttribute":"QID3","SecondaryAttribute":"Click to write the question text","TertiaryAttribute":null,"Payload":{"ChoiceOrder":[],"Configuration":{"QuestionDescriptionOption":"UseText"},"DataExportTag":"m1_high (E2)","DataVisibility":{"Hidden":false,"Private":false},"DefaultChoices":false,"DisplayLogic":{"0":{"0":{"Description":"<span class=\"ConjDesc\">If<\/span>  <span class=\"LeftOpDesc\">inequality<\/span> <span class=\"OpDesc\">Is Equal to<\/span> <span class=\"RightOpDesc\"> high <\/span>","LeftOperand":"inequality","LogicType":"EmbeddedField","Operator":"EqualTo","RightOperand":"high","Type":"Expression"},"Type":"If"},"Type":"BooleanExpression","inPage":false},"GradingData":[],"Graphics":"IM_dcZ0VbagjSqkAD4","GraphicsDescription":"Bimboola high","Language":[],"NextAnswerId":1,"NextChoiceId":4,"QuestionDescription":"Click to write the question text","QuestionID":"QID3","QuestionText":"Click to write the question text","QuestionText_Unsafe":"<span style=\"font-family:Times New Roman,Times,serif;\"><strong>Based on their annual individual incomes, Bimboolian people can be categorized into three groups: the top 1\/3, the middle 1\/3 and the bottom 1\/3. The chart below depicts the average annual income of each group.<\/strong><\/span>","QuestionType":"DB","Selector":"GRB","SubSelector":"WOTXB","Validation":{"Settings":{"Type":"None"}}}},{"SurveyID":"SV_8tUeHVHiaToLEZE","Element":"SQ","PrimaryAttribute":"QID11","SecondaryAttribute":"Click to write the question text","TertiaryAttribute":null,"Payload":{"ChoiceOrder":[],"Configuration":{"QuestionDescriptionOption":"UseText"},"DataExportTag":"m2_high","DataVisibility":{"Hidden":false,"Private":false},"DefaultChoices":false,"DisplayLogic":{"0":{"0":{"Description":"<span class=\"ConjDesc\">If<\/span>  <span class=\"LeftOpDesc\">inequality<\/span> <span class=\"OpDesc\">Is Equal to<\/span> <span class=\"RightOpDesc\"> high <\/span>","LeftOperand":"inequality","LogicType":"EmbeddedField","Operator":"EqualTo","RightOperand":"high","Type":"Expression"},"Type":"If"},"Type":"BooleanExpression","inPage":false},"GradingData":[],"Graphics":"IM_0pRDwhUaXssU17g","GraphicsDescription":"Implict high","Language":[],"NextAnswerId":1,"NextChoiceId":4,"QuestionDescription":"Click to write the question text","QuestionID":"QID11","QuestionText":"Click to write the question text","QuestionText_Unsafe":"Click to write the question text","QuestionType":"DB","Selector":"GRB","SubSelector":"WOTXB","Validation":{"Settings":{"Type":"None"}}}},{"SurveyID":"SV_8tUeHVHiaToLEZE","Element":"SQ","PrimaryAttribute":"QID12","SecondaryAttribute":"Click to write the question text","TertiaryAttribute":null,"Payload":{"ChoiceOrder":[],"Configuration":{"QuestionDescriptionOption":"UseText"},"DataExportTag":"m2_low","DataVisibility":{"Hidden":false,"Private":false},"DefaultChoices":false,"DisplayLogic":{"0":{"0":{"Description":"<span class=\"ConjDesc\">If<\/span>  <span class=\"LeftOpDesc\">inequality<\/span> <span class=\"OpDesc\">Is Equal to<\/span> <span class=\"RightOpDesc\"> low <\/span>","LeftOperand":"inequality","LogicType":"EmbeddedField","Operator":"EqualTo","RightOperand":"low","Type":"Expression"},"Type":"If"},"Type":"BooleanExpression","inPage":false},"GradingData":[],"Graphics":"IM_bfJN3g1tUb9wX1I","GraphicsDescription":"Implicit control","Language":[],"NextAnswerId":1,"NextChoiceId":4,"QuestionDescription":"Click to write the question text","QuestionID":"QID12","QuestionText":"Click to write the question text","QuestionText_Unsafe":"Click to write the question text","QuestionType":"DB","Selector":"GRB","SubSelector":"WOTXB","Validation":{"Settings":{"Type":"None"}}}},{"SurveyID":"SV_8tUeHVHiaToLEZE","Element":"SQ","PrimaryAttribute":"QID37","SecondaryAttribute":"Click to write the question text","TertiaryAttribute":null,"Payload":{"QuestionText":"Click to write the question text","DataExportTag":"Q34","QuestionType":"MC","Selector":"SAVR","SubSelector":"TX","Configuration":{"QuestionDescriptionOption":"UseText"},"QuestionDescription":"Click to write the question text","Choices":{"1":{"Display":"Click to write Choice 1"},"2":{"Display":"Click to write Choice 2"},"3":{"Display":"Click to write Choice 3"}},"ChoiceOrder":["1","2","3"],"Validation":{"Settings":{"ForceResponse":"OFF","Type":"None"}},"Language":[],"NextChoiceId":4,"NextAnswerId":1,"QuestionID":"QID37"}},{"SurveyID":"SV_8tUeHVHiaToLEZE","Element":"SQ","PrimaryAttribute":"QID49","SecondaryAttribute":"Click to write the question text","TertiaryAttribute":null,"Payload":{"QuestionText":"Click to write the question text","DefaultChoices":false,"DataExportTag":"m1_high_E3a","QuestionID":"QID49","QuestionType":"DB","Selector":"GRB","Configuration":{"QuestionDescriptionOption":"UseText"},"QuestionDescription":"Click to write the question text","ChoiceOrder":[],"Validation":{"Settings":{"Type":"None"}},"GradingData":[],"Language":[],"NextChoiceId":4,"NextAnswerId":1,"Graphics":"IM_0Am8ZEB5HFWCztk","GraphicsDescription":"Income dis high bd","SubSelector":"WOTXB"}},{"SurveyID":"SV_8tUeHVHiaToLEZE","Element":"SQ","PrimaryAttribute":"QID5","SecondaryAttribute":"Do the bottom 1\/3 of Bimboolians have lower annual incomes than the other Bimboolians?","TertiaryAttribute":null,"Payload":{"ChoiceOrder":["1","2","3","4","5","6","7"],"Choices":{"1":{"Display":"1<br \/>\n(no lower)"},"2":{"Display":"2"},"3":{"Display":"3"},"4":{"Display":"4"},"5":{"Display":"5"},"6":{"Display":"6"},"7":{"Display":"7<br \/>\n(a lot lower)"}},"Configuration":{"LabelPosition":"BELOW","QuestionDescriptionOption":"UseText"},"DataExportTag":"m2_check_2","DataVisibility":{"Hidden":false,"Private":false},"Language":[],"NextAnswerId":1,"NextChoiceId":8,"QuestionDescription":"Do the bottom 1\/3 of Bimboolians have lower annual incomes than the other Bimboolians?","QuestionID":"QID5","QuestionText":"Do the <strong>bottom 1\/3 of Bimboolians<\/strong> have lower annual incomes than the other Bimboolians?","QuestionText_Unsafe":"Do the <strong>bottom 1\/3 of Bimboolians<\/strong> have lower annual incomes than the other Bimboolians?","QuestionType":"MC","Selector":"SAHR","SubSelector":"TX","Validation":{"Settings":{"ForceResponse":"ON","ForceResponseType":"ON","Type":"None"}}}},{"SurveyID":"SV_8tUeHVHiaToLEZE","Element":"SQ","PrimaryAttribute":"QID4","SecondaryAttribute":"Do the top 1\/3 of Bimboolians\u00a0have higher annual incomes than the other Bimboolians?","TertiaryAttribute":null,"Payload":{"ChoiceOrder":["1","2","3","4","5","6","7"],"Choices":{"1":{"Display":"1<br \/>\n(no higher)"},"2":{"Display":"2"},"3":{"Display":"3"},"4":{"Display":"4"},"5":{"Display":"5"},"6":{"Display":"6"},"7":{"Display":"7<br \/>\n(a lot higher)"}},"Configuration":{"LabelPosition":"BELOW","QuestionDescriptionOption":"UseText"},"DataExportTag":"m1_check_1","DataVisibility":{"Hidden":false,"Private":false},"Language":[],"NextAnswerId":1,"NextChoiceId":8,"QuestionDescription":"Do the top 1\/3 of Bimboolians\u00a0have higher annual incomes than the other Bimboolians?","QuestionID":"QID4","QuestionText":"Do the <strong>top 1\/3 of Bimboolians<\/strong>&nbsp;have higher annual incomes than the other Bimboolians?","QuestionText_Unsafe":"Do the <strong>top 1\/3 of Bimboolians<\/strong>&nbsp;have higher annual incomes than the other Bimboolians?","QuestionType":"MC","Selector":"SAHR","SubSelector":"TX","Validation":{"Settings":{"ForceResponse":"ON","ForceResponseType":"ON","Type":"None"}}}},{"SurveyID":"SV_8tUeHVHiaToLEZE","Element":"SQ","PrimaryAttribute":"QID7","SecondaryAttribute":"How equal do you think the Bimboolian society would be in general? ","TertiaryAttribute":null,"Payload":{"ChoiceOrder":[1,2,3,4,5,6,7],"Choices":{"1":{"Display":"1<br \/>\n(not equal at all)"},"2":{"Display":"2"},"3":{"Display":"3"},"4":{"Display":"4"},"5":{"Display":"5"},"6":{"Display":"6"},"7":{"Display":"7<br \/>\n(very equal)"}},"Configuration":{"LabelPosition":"BELOW","QuestionDescriptionOption":"UseText"},"DataExportTag":"m1_check_4(R)","DataVisibility":{"Hidden":false,"Private":false},"Language":[],"NextAnswerId":1,"NextChoiceId":8,"QuestionDescription":"How equal do you think the Bimboolian society would be in general? ","QuestionID":"QID7","QuestionText":"How equal do you think the Bimboolian society would be in general?&nbsp;","QuestionText_Unsafe":"How equal do you think the Bimboolian society would be in general?&nbsp;","QuestionType":"MC","Selector":"SAHR","SubSelector":"TX","Validation":{"Settings":{"ForceResponse":"ON","ForceResponseType":"ON","Type":"None"}},"RecodeValues":{"1":"1","2":"6","3":"5","4":"4","5":"3","6":"2","7":"1"}}},{"SurveyID":"SV_8tUeHVHiaToLEZE","Element":"SQ","PrimaryAttribute":"QID17","SecondaryAttribute":"How equal do you think the Bimboolian society would be in general? ","TertiaryAttribute":null,"Payload":{"ChoiceOrder":[1,2,3,4,5,6,7],"Choices":{"1":{"Display":"1<br \/>\n(not equal at all)"},"2":{"Display":"2"},"3":{"Display":"3"},"4":{"Display":"4"},"5":{"Display":"5"},"6":{"Display":"6"},"7":{"Display":"7<br \/>\n(very equal)"}},"Configuration":{"LabelPosition":"BELOW","QuestionDescriptionOption":"UseText"},"DataExportTag":"m2_check_5","DataVisibility":{"Hidden":false,"Private":false},"Language":[],"NextAnswerId":1,"NextChoiceId":8,"QuestionDescription":"How equal do you think the Bimboolian society would be in general? ","QuestionID":"QID17","QuestionText":"How equal do you think the Bimboolian society would be in general?&nbsp;","QuestionText_Unsafe":"How equal do you think the Bimboolian society would be in general?&nbsp;","QuestionType":"MC","Selector":"SAHR","SubSelector":"TX","Validation":{"Settings":{"ForceResponse":"ON","ForceResponseType":"ON","Type":"None"}}}},{"SurveyID":"SV_8tUeHVHiaToLEZE","Element":"SQ","PrimaryAttribute":"QID6","SecondaryAttribute":"How unequal are Bimboolian people's annual incomes?","TertiaryAttribute":null,"Payload":{"ChoiceOrder":[1,2,3,4,5,6,7],"Choices":{"1":{"Display":"1<br \/>\n(not unequal at all)"},"2":{"Display":"2"},"3":{"Display":"3"},"4":{"Display":"4"},"5":{"Display":"5"},"6":{"Display":"6"},"7":{"Display":"7<br \/>\n(very unequal)"}},"Configuration":{"LabelPosition":"BELOW","QuestionDescriptionOption":"UseText"},"DataExportTag":"m1_check_3","DataVisibility":{"Hidden":false,"Private":false},"Language":[],"NextAnswerId":1,"NextChoiceId":8,"QuestionDescription":"How unequal are Bimboolian people's annual incomes?","QuestionID":"QID6","QuestionText":"How unequal are Bimboolian people's annual incomes?","QuestionText_Unsafe":"How unequal are Bimboolian people's annual incomes?","QuestionType":"MC","Selector":"SAHR","SubSelector":"TX","Validation":{"Settings":{"ForceResponse":"ON","ForceResponseType":"ON","Type":"None"}}}},{"SurveyID":"SV_8tUeHVHiaToLEZE","Element":"SQ","PrimaryAttribute":"QID16","SecondaryAttribute":"How unequal do you think the income in the Bimboola?","TertiaryAttribute":null,"Payload":{"ChoiceOrder":["1","2","3","4","5","6","7"],"Choices":{"1":{"Display":"1<br \/>\n(very unequal)"},"2":{"Display":"2"},"3":{"Display":"3"},"4":{"Display":"4"},"5":{"Display":"5"},"6":{"Display":"6"},"7":{"Display":"7<br \/>\n(very equal)"}},"Configuration":{"LabelPosition":"BELOW","QuestionDescriptionOption":"UseText"},"DataExportTag":"m2_check_4(R)","DataVisibility":{"Hidden":false,"Private":false},"Language":[],"NextAnswerId":1,"NextChoiceId":8,"QuestionDescription":"How unequal do you think the income in the Bimboola?","QuestionID":"QID16","QuestionText":"How unequal do you think the income in the Bimboola?","QuestionText_Unsafe":"How unequal do you think the income in the Bimboola?","QuestionType":"MC","RecodeValues":{"1":"7","2":"6","3":"5","4":"4","5":"3","6":"2","7":"1"},"Selector":"SAHR","SubSelector":"TX","Validation":{"Settings":{"ForceResponse":"ON","ForceResponseType":"ON","Type":"None"}}}},{"SurveyID":"SV_8tUeHVHiaToLEZE","Element":"SQ","PrimaryAttribute":"QID26","SecondaryAttribute":"I created this manipulation and validated using a pretest (the manipulation check questions were...","TertiaryAttribute":null,"Payload":{"QuestionText":"I created this manipulation and validated using a pretest (the manipulation check questions were adapted from Lembregts &amp; Pandelaere (2014)).<br>\n<br>\n<strong>This manipulation was used in Study 1 and 4.<\/strong>","DefaultChoices":false,"DataExportTag":"m3_note","QuestionID":"QID26","QuestionType":"DB","Selector":"TB","Configuration":{"QuestionDescriptionOption":"UseText"},"QuestionDescription":"I created this manipulation and validated using a pretest (the manipulation check questions were...","ChoiceOrder":[],"Validation":{"Settings":{"Type":"None"}},"GradingData":[],"Language":[],"NextChoiceId":4,"NextAnswerId":1,"DataVisibility":{"Private":false,"Hidden":false}}},{"SurveyID":"SV_8tUeHVHiaToLEZE","Element":"SQ","PrimaryAttribute":"QID15","SecondaryAttribute":"In Bimboola, there are large differences between wages. ","TertiaryAttribute":null,"Payload":{"ChoiceOrder":["1","2","3","4","5","6","7"],"Choices":{"1":{"Display":"1<br \/>\n(strongly disagree)"},"2":{"Display":"2"},"3":{"Display":"3"},"4":{"Display":"4<br \/>"},"5":{"Display":"5"},"6":{"Display":"6"},"7":{"Display":"7<br \/>\n(strongly agree)"}},"Configuration":{"LabelPosition":"BELOW","QuestionDescriptionOption":"UseText"},"DataExportTag":"m2_check_2","DataVisibility":{"Hidden":false,"Private":false},"Language":[],"NextAnswerId":1,"NextChoiceId":8,"QuestionDescription":"In Bimboola, there are large differences between wages. ","QuestionID":"QID15","QuestionText":"In Bimboola, there are large differences between wages.&nbsp;","QuestionText_Unsafe":"In Bimboola, there are large differences between wages.&nbsp;","QuestionType":"MC","Selector":"SAHR","SubSelector":"TX","Validation":{"Settings":{"ForceResponse":"ON","ForceResponseType":"ON","Type":"None"}}}},{"SurveyID":"SV_8tUeHVHiaToLEZE","Element":"SQ","PrimaryAttribute":"QID38","SecondaryAttribute":"In the scenario you just read, the economic inequality in Bimboola is ___.","TertiaryAttribute":null,"Payload":{"ChoiceOrder":["1","2","3","4","5","6","7"],"Choices":{"1":{"Display":"<strong>very smalll<\/strong><br \/>\n1"},"2":{"Display":"2"},"3":{"Display":"3"},"4":{"Display":"4"},"5":{"Display":"5"},"6":{"Display":"6"},"7":{"Display":"<strong>very large<\/strong><br \/>\n7"}},"Configuration":{"LabelPosition":"BELOW","QuestionDescriptionOption":"UseText"},"DataExportTag":"m3_check_single_item","DataVisibility":{"Hidden":false,"Private":false},"Language":[],"NextAnswerId":1,"NextChoiceId":8,"QuestionDescription":"In the scenario you just read, the economic inequality in Bimboola is ___.","QuestionID":"QID38","QuestionText":"In the scenario you just read, the economic inequality in Bimboola is ___.","QuestionText_Unsafe":"In the scenario you just read, the economic inequality in Bimboola is ___.","QuestionType":"MC","Selector":"SAHR","SubSelector":"TX","Validation":{"Settings":{"ForceResponse":"ON","ForceResponseType":"ON","Type":"None"}}}},{"SurveyID":"SV_8tUeHVHiaToLEZE","Element":"SQ","PrimaryAttribute":"QID39","SecondaryAttribute":"In the scenario you just read, you are ___ with people from Bimboola.","TertiaryAttribute":null,"Payload":{"ChoiceOrder":["1","2","3","4","5","6","7"],"Choices":{"1":{"Display":"<strong>not familiar<\/strong><br \/>\n1"},"2":{"Display":"2"},"3":{"Display":"3"},"4":{"Display":"4"},"5":{"Display":"5"},"6":{"Display":"6"},"7":{"Display":"<strong>very familiar<\/strong><br \/>\n7"}},"Configuration":{"LabelPosition":"BELOW","QuestionDescriptionOption":"UseText"},"DataExportTag":"check_familiarity","DataVisibility":{"Hidden":false,"Private":false},"Language":[],"NextAnswerId":1,"NextChoiceId":8,"QuestionDescription":"In the scenario you just read, you are ___ with people from Bimboola.","QuestionID":"QID39","QuestionText":"In the scenario you just read, you are ___ with people from Bimboola.","QuestionText_Unsafe":"In the scenario you just read, you are ___ with people from Bimboola.","QuestionType":"MC","Selector":"SAHR","SubSelector":"TX","Validation":{"Settings":{"ForceResponse":"ON","ForceResponseType":"ON","Type":"None"}}}},{"SurveyID":"SV_8tUeHVHiaToLEZE","Element":"SQ","PrimaryAttribute":"QID48","SecondaryAttribute":"Income dis low bd","TertiaryAttribute":null,"Payload":{"QuestionText":"Income dis low bd","DefaultChoices":false,"DataExportTag":"m1_low_E3a","QuestionID":"QID48","QuestionType":"DB","Selector":"GRB","Configuration":{"QuestionDescriptionOption":"UseText"},"QuestionDescription":"Income dis low bd","ChoiceOrder":[],"Validation":{"Settings":{"Type":"None"}},"GradingData":[],"Language":[],"NextChoiceId":4,"NextAnswerId":1,"SubSelector":"WOTXB","Graphics":"IM_8vr6eU90primwqq","GraphicsDescription":"Income dis low bd"}},{"SurveyID":"SV_8tUeHVHiaToLEZE","Element":"SQ","PrimaryAttribute":"QID44","SecondaryAttribute":"Manipulation check question:","TertiaryAttribute":null,"Payload":{"QuestionText":"<strong>Manipulation check question:<\/strong>","DefaultChoices":false,"DataExportTag":"m_fa_check","QuestionID":"QID44","QuestionType":"DB","Selector":"TB","Configuration":{"QuestionDescriptionOption":"UseText"},"QuestionDescription":"Manipulation check question:","ChoiceOrder":[],"Validation":{"Settings":{"Type":"None"}},"GradingData":[],"Language":[],"NextChoiceId":4,"NextAnswerId":1}},{"SurveyID":"SV_8tUeHVHiaToLEZE","Element":"SQ","PrimaryAttribute":"QID8","SecondaryAttribute":"Manipulation check questions (all questions in Study 2 and only check_3 in Study 3a):","TertiaryAttribute":null,"Payload":{"QuestionText":"<strong>Manipulation check questions <em>(all questions in Study 2 and only check_3 in Study 3a)<\/em>:<\/strong>","DefaultChoices":false,"DataExportTag":"m1_check","QuestionID":"QID8","QuestionType":"DB","Selector":"TB","Configuration":{"QuestionDescriptionOption":"UseText"},"QuestionDescription":"Manipulation check questions (all questions in Study 2 and only check_3 in Study 3a):","ChoiceOrder":[],"Validation":{"Settings":{"Type":"None"}},"GradingData":[],"Language":[],"NextChoiceId":4,"NextAnswerId":1,"DataVisibility":{"Private":false,"Hidden":false}}},{"SurveyID":"SV_8tUeHVHiaToLEZE","Element":"SQ","PrimaryAttribute":"QID47","SecondaryAttribute":"Manipulation check questions (in Study 4 only & the text version):","TertiaryAttribute":null,"Payload":{"QuestionText":"<strong>Manipulation check questions (i<em>n Study 4 only &amp; the text version)<\/em>:<\/strong>","DefaultChoices":false,"DataExportTag":"m3_check_v2","QuestionType":"DB","Selector":"TB","DataVisibility":{"Private":false,"Hidden":false},"Configuration":{"QuestionDescriptionOption":"UseText"},"QuestionDescription":"Manipulation check questions (in Study 4 only & the text version):","ChoiceOrder":[],"Validation":{"Settings":{"Type":"None"}},"GradingData":[],"Language":[],"NextChoiceId":4,"NextAnswerId":1,"QuestionID":"QID47"}},{"SurveyID":"SV_8tUeHVHiaToLEZE","Element":"SQ","PrimaryAttribute":"QID46","SecondaryAttribute":"Manipulation check questions (in the pretest only\u00a0 & for the mock page version):","TertiaryAttribute":null,"Payload":{"QuestionText":"<strong>Manipulation check questions (i<em>n the pretest only&nbsp; &amp; for the mock page version)<\/em>:<\/strong>","DefaultChoices":false,"DataExportTag":"m3_check_v1","QuestionID":"QID46","QuestionType":"DB","Selector":"TB","Configuration":{"QuestionDescriptionOption":"UseText"},"QuestionDescription":"Manipulation check questions (in the pretest only\u00a0 & for the mock page version):","ChoiceOrder":[],"Validation":{"Settings":{"Type":"None"}},"GradingData":[],"Language":[],"NextChoiceId":4,"NextAnswerId":1}},{"SurveyID":"SV_8tUeHVHiaToLEZE","Element":"SQ","PrimaryAttribute":"QID36","SecondaryAttribute":"Manipulation check questions in the pretest:","TertiaryAttribute":null,"Payload":{"QuestionText":"Manipulation check questions in the pretest:","DataExportTag":"Q33","QuestionType":"MC","Selector":"SAVR","SubSelector":"TX","Configuration":{"QuestionDescriptionOption":"UseText"},"QuestionDescription":"Manipulation check questions in the pretest:","Choices":{"1":{"Display":"Click to write Choice 1"},"2":{"Display":"Click to write Choice 2"},"3":{"Display":"Click to write Choice 3"}},"ChoiceOrder":["1","2","3"],"Validation":{"Settings":{"ForceResponse":"OFF","Type":"None"}},"Language":[],"NextChoiceId":4,"NextAnswerId":1,"QuestionID":"QID36"}},{"SurveyID":"SV_8tUeHVHiaToLEZE","Element":"SQ","PrimaryAttribute":"QID18","SecondaryAttribute":"Manipulation check questions:","TertiaryAttribute":null,"Payload":{"QuestionText":"<strong>Manipulation check questions:<\/strong>","DefaultChoices":false,"DataExportTag":"Q18","QuestionType":"DB","Selector":"TB","DataVisibility":{"Private":false,"Hidden":false},"Configuration":{"QuestionDescriptionOption":"UseText"},"QuestionDescription":"Manipulation check questions:","ChoiceOrder":[],"Validation":{"Settings":{"Type":"None"}},"GradingData":[],"Language":[],"NextChoiceId":4,"NextAnswerId":1,"QuestionID":"QID18"}},{"SurveyID":"SV_8tUeHVHiaToLEZE","Element":"SQ","PrimaryAttribute":"QID33","SecondaryAttribute":"Manipulation stimuli:","TertiaryAttribute":null,"Payload":{"QuestionText":"<strong>Manipulation stimuli:<\/strong>","DefaultChoices":false,"DataExportTag":"m1_stimuli","QuestionID":"QID33","QuestionType":"DB","Selector":"TB","Configuration":{"QuestionDescriptionOption":"UseText"},"QuestionDescription":"Manipulation stimuli:","ChoiceOrder":[],"Validation":{"Settings":{"Type":"None"}},"GradingData":[],"Language":[],"NextChoiceId":4,"NextAnswerId":1}},{"SurveyID":"SV_8tUeHVHiaToLEZE","Element":"SQ","PrimaryAttribute":"QID34","SecondaryAttribute":"Manipulation stimuli:","TertiaryAttribute":null,"Payload":{"QuestionText":"<strong>Manipulation stimuli:<\/strong>","DefaultChoices":false,"DataExportTag":"m2_stimuli","QuestionType":"DB","Selector":"TB","DataVisibility":{"Private":false,"Hidden":false},"Configuration":{"QuestionDescriptionOption":"UseText"},"QuestionDescription":"Manipulation stimuli:","ChoiceOrder":[],"Validation":{"Settings":{"Type":"None"}},"GradingData":[],"Language":[],"NextChoiceId":4,"NextAnswerId":1,"QuestionID":"QID34"}},{"SurveyID":"SV_8tUeHVHiaToLEZE","Element":"SQ","PrimaryAttribute":"QID35","SecondaryAttribute":"Manipulation stimuli:","TertiaryAttribute":null,"Payload":{"QuestionText":"<strong>Manipulation stimuli:<\/strong>","DefaultChoices":false,"DataExportTag":"m3_stimuli","QuestionType":"DB","Selector":"TB","DataVisibility":{"Private":false,"Hidden":false},"Configuration":{"QuestionDescriptionOption":"UseText"},"QuestionDescription":"Manipulation stimuli:","ChoiceOrder":[],"Validation":{"Settings":{"Type":"None"}},"GradingData":[],"Language":[],"NextChoiceId":4,"NextAnswerId":1,"QuestionID":"QID35"}},{"SurveyID":"SV_8tUeHVHiaToLEZE","Element":"SQ","PrimaryAttribute":"QID45","SecondaryAttribute":"Manipulation stimuli:","TertiaryAttribute":null,"Payload":{"QuestionText":"<strong>Manipulation stimuli:<\/strong>","DefaultChoices":false,"DataExportTag":"m_fa_stimuli","QuestionID":"QID45","QuestionType":"DB","Selector":"TB","Configuration":{"QuestionDescriptionOption":"UseText"},"QuestionDescription":"Manipulation stimuli:","ChoiceOrder":[],"Validation":{"Settings":{"Type":"None"}},"GradingData":[],"Language":[],"NextChoiceId":4,"NextAnswerId":1}},{"SurveyID":"SV_8tUeHVHiaToLEZE","Element":"SQ","PrimaryAttribute":"QID25","SecondaryAttribute":"Newmock google high2","TertiaryAttribute":null,"Payload":{"QuestionText":"Newmock google high2","DefaultChoices":false,"DataExportTag":"m3_low_pic","QuestionType":"DB","Selector":"GRB","SubSelector":"WOTXB","DataVisibility":{"Private":false,"Hidden":false},"Configuration":{"QuestionDescriptionOption":"UseText"},"QuestionDescription":"Newmock google high2","DisplayLogic":{"0":{"0":{"LogicType":"EmbeddedField","LeftOperand":"inequality","Operator":"EqualTo","RightOperand":"high","Type":"Expression","Description":"<span class=\"ConjDesc\">If<\/span>  <span class=\"LeftOpDesc\">inequality<\/span> <span class=\"OpDesc\">Is Equal to<\/span> <span class=\"RightOpDesc\"> high <\/span>"},"Type":"If"},"Type":"BooleanExpression","inPage":false},"ChoiceOrder":[],"Validation":{"Settings":{"Type":"None"}},"GradingData":[],"Language":[],"NextChoiceId":4,"NextAnswerId":1,"Graphics":"IM_etcLkFJcmA3glpA","GraphicsDescription":"Newmock google high2","QuestionID":"QID25"}},{"SurveyID":"SV_8tUeHVHiaToLEZE","Element":"SQ","PrimaryAttribute":"QID22","SecondaryAttribute":"Newmock google low","TertiaryAttribute":null,"Payload":{"ChoiceOrder":[],"Configuration":{"QuestionDescriptionOption":"UseText"},"DataExportTag":"m3_high_pic","DataVisibility":{"Hidden":false,"Private":false},"DefaultChoices":false,"DisplayLogic":{"0":{"0":{"LogicType":"EmbeddedField","LeftOperand":"inequality","Operator":"EqualTo","RightOperand":"low","Type":"Expression","Description":"<span class=\"ConjDesc\">If<\/span>  <span class=\"LeftOpDesc\">inequality<\/span> <span class=\"OpDesc\">Is Equal to<\/span> <span class=\"RightOpDesc\"> low <\/span>"},"Type":"If"},"Type":"BooleanExpression","inPage":false},"GradingData":[],"Graphics":"IM_3Pq3f3NNOds2ewK","GraphicsDescription":"Newmock google low","Language":[],"NextAnswerId":1,"NextChoiceId":4,"QuestionDescription":"Newmock google low","QuestionID":"QID22","QuestionText":"Newmock google low","QuestionText_Unsafe":"Newmock google high","QuestionType":"DB","Selector":"GRB","SubSelector":"WOTXB","Validation":{"Settings":{"Type":"None"}}}},{"SurveyID":"SV_8tUeHVHiaToLEZE","Element":"SQ","PrimaryAttribute":"QID14","SecondaryAttribute":"The incomes in Bimboola lie close together.","TertiaryAttribute":null,"Payload":{"ChoiceOrder":["1","2","3","4","5","6","7"],"Choices":{"1":{"Display":"1<br \/>\n(strongly disagree)"},"2":{"Display":"2"},"3":{"Display":"3"},"4":{"Display":"4<br \/>"},"5":{"Display":"5"},"6":{"Display":"6"},"7":{"Display":"7<br \/>\n(strongly agree)"}},"Configuration":{"LabelPosition":"BELOW","QuestionDescriptionOption":"UseText"},"DataExportTag":"m2_check_3R","DataVisibility":{"Hidden":false,"Private":false},"Language":[],"NextAnswerId":1,"NextChoiceId":8,"QuestionDescription":"The incomes in Bimboola lie close together.","QuestionID":"QID14","QuestionText":"The incomes in&nbsp;Bimboola lie close together.","QuestionText_Unsafe":"The incomes in&nbsp;Bimboola lie close together.","QuestionType":"MC","RecodeValues":{"1":"7","2":"6","3":"5","4":"4","5":"3","6":"2","7":"1"},"Selector":"SAHR","SubSelector":"TX","Validation":{"Settings":{"ForceResponse":"ON","ForceResponseType":"ON","Type":"None"}}}},{"SurveyID":"SV_8tUeHVHiaToLEZE","Element":"SQ","PrimaryAttribute":"QID32","SecondaryAttribute":"The incomes in Bimboola lie close together.","TertiaryAttribute":null,"Payload":{"ChoiceOrder":[1,2,3,4,5,6,7],"Choices":{"1":{"Display":"<strong>strongly disagree<\/strong><br \/>\n1"},"2":{"Display":"2"},"3":{"Display":"3"},"4":{"Display":"4"},"5":{"Display":"5"},"6":{"Display":"6"},"7":{"Display":"<strong>strongly agree<\/strong><br \/>\n7"}},"Configuration":{"LabelPosition":"BELOW","QuestionDescriptionOption":"UseText"},"DataExportTag":"m3_check_3R","DataVisibility":{"Hidden":false,"Private":false},"DefaultChoices":false,"GradingData":[],"Language":[],"NextAnswerId":1,"NextChoiceId":8,"QuestionDescription":"The incomes in Bimboola lie close together.","QuestionID":"QID32","QuestionText":"The incomes in Bimboola  lie close together.","QuestionText_Unsafe":"The incomes in Bimboola  lie close together.","QuestionType":"MC","RecodeValues":{"1":"7","2":"6","3":"5","4":"4","5":"3","6":"2","7":"1"},"Selector":"SAHR","SubSelector":"TX","Validation":{"Settings":{"ForceResponse":"ON","ForceResponseType":"ON","Type":"None"}}}},{"SurveyID":"SV_8tUeHVHiaToLEZE","Element":"SQ","PrimaryAttribute":"QID31","SecondaryAttribute":"There are large differences between wages in Bimboola.","TertiaryAttribute":null,"Payload":{"ChoiceOrder":[1,2,3,4,5,6,7],"Choices":{"1":{"Display":"<strong>strongly disagree<\/strong><br \/>\n1"},"2":{"Display":"2"},"3":{"Display":"3"},"4":{"Display":"4"},"5":{"Display":"5"},"6":{"Display":"6"},"7":{"Display":"<strong>strongly agree<\/strong><br \/>\n7"}},"Configuration":{"LabelPosition":"BELOW","QuestionDescriptionOption":"UseText"},"DataExportTag":"m3_check_2","DataVisibility":{"Hidden":false,"Private":false},"DefaultChoices":false,"GradingData":[],"Language":[],"NextAnswerId":1,"NextChoiceId":8,"QuestionDescription":"There are large differences between wages in Bimboola.","QuestionID":"QID31","QuestionText":"There are large differences between wages in Bimboola.","QuestionText_Unsafe":"There are large differences between wages in Bimboola .<br>","QuestionType":"MC","Selector":"SAHR","SubSelector":"TX","Validation":{"Settings":{"ForceResponse":"ON","ForceResponseType":"ON","Type":"None"}}}},{"SurveyID":"SV_8tUeHVHiaToLEZE","Element":"SQ","PrimaryAttribute":"QID1","SecondaryAttribute":"This manipulation and the corresponding manipulation check are adapted from the two papers: 1. Pa...","TertiaryAttribute":null,"Payload":{"QuestionText":"This manipulation and the corresponding manipulation check are adapted from the two papers:<br>\n<br>\n<br>\n1. Payne et al., (2017):&nbsp;<a href=\"https:\/\/www.pnas.org\/doi\/abs\/10.1073\/pnas.1616453114\">https:\/\/www.pnas.org\/doi\/abs\/10.1073\/pnas.1616453114<\/a><br>\n2. Sprong et al. (2019):&nbsp;<a href=\"https:\/\/journals.sagepub.com\/doi\/10.1177\/0956797619875472\">https:\/\/journals.sagepub.com\/doi\/10.1177\/0956797619875472<\/a><br>\n(see supplementary materials: study 3a, this Bimboola paradigm has been used in many inequality-related papers)<br>\n<br>\n<strong>This manipulation was used in Study 2, and 3a.<\/strong>","DefaultChoices":false,"DataExportTag":"note for m1","QuestionID":"QID1","QuestionType":"DB","Selector":"TB","Configuration":{"QuestionDescriptionOption":"UseText"},"QuestionDescription":"This manipulation and the corresponding manipulation check are adapted from the two papers: 1. Pa...","ChoiceOrder":[],"Validation":{"Settings":{"Type":"None"}},"GradingData":[],"Language":[],"NextChoiceId":4,"NextAnswerId":1,"DataVisibility":{"Private":false,"Hidden":false}}},{"SurveyID":"SV_8tUeHVHiaToLEZE","Element":"SQ","PrimaryAttribute":"QID9","SecondaryAttribute":"This manipulation is adapted from the following paper: 1. Waldfogel et al., 2021.:\u00a0https:\/\/www.pn..","TertiaryAttribute":null,"Payload":{"QuestionText":"This manipulation is adapted from the following paper:<br \/>\n<br \/>\n1. Waldfogel et al., 2021.:&nbsp;<a href=\"https:\/\/www.pnas.org\/doi\/pdf\/10.1073\/pnas.2023985118\">https:\/\/www.pnas.org\/doi\/pdf\/10.1073\/pnas.2023985118<\/a><br \/>\n<br \/>\nSprong et al. (2019) also used a image-based manipulation but it showed the different neighborhoods of the low-, middle-, high-income groups (see supplementary materials: study 3b, this Bimboola paradigm has been used in many inequality-related papers)<br \/>\n<br \/>\nThe corresponding manipulation check are adapted from the two papers:<br \/>\n1. Lembregts &amp; Pandelaere (2014):&nbsp;<a href=\"https:\/\/www.sciencedirect.com\/science\/article\/pii\/S016748701400035X\">https:\/\/www.sciencedirect.com\/science\/article\/pii\/S016748701400035X<\/a><br \/>\n2. Sprong et al. (2019): <a href=\"https:\/\/journals.sagepub.com\/doi\/10.1177\/0956797619875472\">https:\/\/journals.sagepub.com\/doi\/10.1177\/0956797619875472<\/a><br \/>\n<br \/>\n<strong>This manipulation was used in Study 3a.<\/strong>","DefaultChoices":false,"DataExportTag":"m2_note","QuestionType":"DB","Selector":"TB","Configuration":{"QuestionDescriptionOption":"UseText"},"QuestionDescription":"This manipulation is adapted from the following paper: 1. Waldfogel et al., 2021.:\u00a0https:\/\/www.pn...","ChoiceOrder":[],"Validation":{"Settings":{"Type":"None"}},"GradingData":[],"Language":[],"NextChoiceId":4,"NextAnswerId":1,"QuestionID":"QID9","DataVisibility":{"Private":false,"Hidden":false}}},{"SurveyID":"SV_8tUeHVHiaToLEZE","Element":"SQ","PrimaryAttribute":"QID29","SecondaryAttribute":"To what extent do you agree or disagree with the following statements (1 = strongly disagree, 7 =...","TertiaryAttribute":null,"Payload":{"ChoiceOrder":[],"Configuration":{"QuestionDescriptionOption":"UseText"},"DataExportTag":"m3_check_0","DataVisibility":{"Hidden":false,"Private":false},"DefaultChoices":false,"GradingData":[],"Language":[],"NextAnswerId":1,"NextChoiceId":4,"QuestionDescription":"To what extent do you agree or disagree with the following statements (1 = strongly disagree, 7 =...","QuestionID":"QID29","QuestionText":"To what extent do you agree or disagree with the following statements&nbsp;(1 = strongly disagree, 7 = strongly agree)?","QuestionText_Unsafe":"<strong>To what extent do you agree or disagree with the following statements&nbsp;<\/strong><div><b><br><\/b><div><strong>(1 = strongly disagree, 7 = strongly agree)?<\/strong><\/div><\/div>","QuestionType":"DB","Selector":"TB","Validation":{"Settings":{"Type":"None"}}}}]}